
Microsoft Visual Studio Solution File, Format Version 12.00
# Visual Studio Version 17
VisualStudioVersion = 17.6.33723.286
MinimumVisualStudioVersion = 10.0.40219.1
Project("{9A19103F-16F7-4668-BE54-9A1E7A4F7556}") = "BusinessObject", "BusinessObject\BusinessObject.csproj", "{50A102E7-1943-4354-9E55-04ABA035524C}"
EndProject
Project("{9A19103F-16F7-4668-BE54-9A1E7A4F7556}") = "DataAccess", "DataAccess\DataAccess.csproj", "{7764CDEF-3764-4027-8FF8-D603A4E163DD}"
EndProject
Project("{9A19103F-16F7-4668-BE54-9A1E7A4F7556}") = "Repository", "Repository\Repository.csproj", "{B1756871-FC05-4279-B6FE-201E71D79D8A}"
EndProject
Project("{9A19103F-16F7-4668-BE54-9A1E7A4F7556}") = "MiniStoreRazorPage", "MiniStoreRazorPage\MiniStoreRazorPage.csproj", "{11626CFC-4204-476C-8C4F-ED13843D0660}"
EndProject
Project("{9A19103F-16F7-4668-BE54-9A1E7A4F7556}") = "Utils", "Utils\Utils.csproj", "{C8337A5A-8C20-4EB1-8A2F-5C4B9A05510A}"
EndProject
Global
	GlobalSection(SolutionConfigurationPlatforms) = preSolution
		Debug|Any CPU = Debug|Any CPU
		Release|Any CPU = Release|Any CPU
	EndGlobalSection
	GlobalSection(ProjectConfigurationPlatforms) = postSolution
		{50A102E7-1943-4354-9E55-04ABA035524C}.Debug|Any CPU.ActiveCfg = Debug|Any CPU
		{50A102E7-1943-4354-9E55-04ABA035524C}.Debug|Any CPU.Build.0 = Debug|Any CPU
		{50A102E7-1943-4354-9E55-04ABA035524C}.Release|Any CPU.ActiveCfg = Release|Any CPU
		{50A102E7-1943-4354-9E55-04ABA035524C}.Release|Any CPU.Build.0 = Release|Any CPU
		{7764CDEF-3764-4027-8FF8-D603A4E163DD}.Debug|Any CPU.ActiveCfg = Debug|Any CPU
		{7764CDEF-3764-4027-8FF8-D603A4E163DD}.Debug|Any CPU.Build.0 = Debug|Any CPU
		{7764CDEF-3764-4027-8FF8-D603A4E163DD}.Release|Any CPU.ActiveCfg = Release|Any CPU
		{7764CDEF-3764-4027-8FF8-D603A4E163DD}.Release|Any CPU.Build.0 = Release|Any CPU
		{B1756871-FC05-4279-B6FE-201E71D79D8A}.Debug|Any CPU.ActiveCfg = Debug|Any CPU
		{B1756871-FC05-4279-B6FE-201E71D79D8A}.Debug|Any CPU.Build.0 = Debug|Any CPU
		{B1756871-FC05-4279-B6FE-201E71D79D8A}.Release|Any CPU.ActiveCfg = Release|Any CPU
		{B1756871-FC05-4279-B6FE-201E71D79D8A}.Release|Any CPU.Build.0 = Release|Any CPU
		{11626CFC-4204-476C-8C4F-ED13843D0660}.Debug|Any CPU.ActiveCfg = Debug|Any CPU
		{11626CFC-4204-476C-8C4F-ED13843D0660}.Debug|Any CPU.Build.0 = Debug|Any CPU
		{11626CFC-4204-476C-8C4F-ED13843D0660}.Release|Any CPU.ActiveCfg = Release|Any CPU
		{11626CFC-4204-476C-8C4F-ED13843D0660}.Release|Any CPU.Build.0 = Release|Any CPU
		{C8337A5A-8C20-4EB1-8A2F-5C4B9A05510A}.Debug|Any CPU.ActiveCfg = Debug|Any CPU
		{C8337A5A-8C20-4EB1-8A2F-5C4B9A05510A}.Debug|Any CPU.Build.0 = Debug|Any CPU
		{C8337A5A-8C20-4EB1-8A2F-5C4B9A05510A}.Release|Any CPU.ActiveCfg = Release|Any CPU
		{C8337A5A-8C20-4EB1-8A2F-5C4B9A05510A}.Release|Any CPU.Build.0 = Release|Any CPU
	EndGlobalSection
	GlobalSection(SolutionProperties) = preSolution
		HideSolutionNode = FALSE
	EndGlobalSection
	GlobalSection(ExtensibilityGlobals) = postSolution
		SolutionGuid = {37030D96-054B-4473-9F6D-7A92610C7E31}
	EndGlobalSection
EndGlobal
